
Microsoft Visual Studio Solution File, Format Version 12.00
# Visual Studio Version 16
VisualStudioVersion = 16.0.29519.87
MinimumVisualStudioVersion = 10.0.40219.1
Project("{9A19103F-16F7-4668-BE54-9A1E7A4F7556}") = "OpenSchoolLibrary.API", "OpenSchoolLibrary\OpenSchoolLibrary.API.csproj", "{230C115F-7F0A-4FA9-BCBF-20DEC927F1EB}"
EndProject
Project("{9A19103F-16F7-4668-BE54-9A1E7A4F7556}") = "OpenSchoolLibrary.Tests", "OpenSchoolLibrary.Tests\OpenSchoolLibrary.Tests.csproj", "{4F3B71AD-59F3-466A-9959-3350A2C8CEDF}"
EndProject
Global
	GlobalSection(SolutionConfigurationPlatforms) = preSolution
		Debug|Any CPU = Debug|Any CPU
		Release|Any CPU = Release|Any CPU
	EndGlobalSection
	GlobalSection(ProjectConfigurationPlatforms) = postSolution
		{230C115F-7F0A-4FA9-BCBF-20DEC927F1EB}.Debug|Any CPU.ActiveCfg = Debug|Any CPU
		{230C115F-7F0A-4FA9-BCBF-20DEC927F1EB}.Debug|Any CPU.Build.0 = Debug|Any CPU
		{230C115F-7F0A-4FA9-BCBF-20DEC927F1EB}.Release|Any CPU.ActiveCfg = Release|Any CPU
		{230C115F-7F0A-4FA9-BCBF-20DEC927F1EB}.Release|Any CPU.Build.0 = Release|Any CPU
		{4F3B71AD-59F3-466A-9959-3350A2C8CEDF}.Debug|Any CPU.ActiveCfg = Debug|Any CPU
		{4F3B71AD-59F3-466A-9959-3350A2C8CEDF}.Debug|Any CPU.Build.0 = Debug|Any CPU
		{4F3B71AD-59F3-466A-9959-3350A2C8CEDF}.Release|Any CPU.ActiveCfg = Release|Any CPU
		{4F3B71AD-59F3-466A-9959-3350A2C8CEDF}.Release|Any CPU.Build.0 = Release|Any CPU
	EndGlobalSection
	GlobalSection(SolutionProperties) = preSolution
		HideSolutionNode = FALSE
	EndGlobalSection
	GlobalSection(ExtensibilityGlobals) = postSolution
		SolutionGuid = {79D6221F-B41A-43F1-9D40-EFAB5B5D0391}
	EndGlobalSection
EndGlobal
